
Microsoft Visual Studio Solution File, Format Version 12.00
# Visual Studio 14
VisualStudioVersion = 14.0.23107.0
MinimumVisualStudioVersion = 10.0.40219.1
Project("{8BC9CEB8-8B4A-11D0-8D11-00A0C91BC942}") = "LibTDE", "LibTDE\LibTDE.vcxproj", "{3E2125EA-78A5-4D22-894B-8B3C824B23FD}"
	ProjectSection(ProjectDependencies) = postProject
		{9C7CEE89-05D1-4131-BB11-466721F4632D} = {9C7CEE89-05D1-4131-BB11-466721F4632D}
	EndProjectSection
EndProject
Project("{8BC9CEB8-8B4A-11D0-8D11-00A0C91BC942}") = "LibFFT", "LibFFT\LibFFT.vcxproj", "{9C7CEE89-05D1-4131-BB11-466721F4632D}"
EndProject
Project("{8BC9CEB8-8B4A-11D0-8D11-00A0C91BC942}") = "Analysis", "Analysis\Analysis.vcxproj", "{C9565AB8-3258-4351-9F08-448CEC25C137}"
	ProjectSection(ProjectDependencies) = postProject
		{46F4FFC7-E478-42F1-886A-0A4934DF5DCF} = {46F4FFC7-E478-42F1-886A-0A4934DF5DCF}
	EndProjectSection
EndProject
Project("{8BC9CEB8-8B4A-11D0-8D11-00A0C91BC942}") = "DataParser", "DataParser\DataParser.vcxproj", "{46F4FFC7-E478-42F1-886A-0A4934DF5DCF}"
	ProjectSection(ProjectDependencies) = postProject
		{3E2125EA-78A5-4D22-894B-8B3C824B23FD} = {3E2125EA-78A5-4D22-894B-8B3C824B23FD}
	EndProjectSection
EndProject
Project("{8BC9CEB8-8B4A-11D0-8D11-00A0C91BC942}") = "Capture", "Capture\Capture.vcxproj", "{1488EFAF-BB44-46CF-98E3-588D51225DD2}"
	ProjectSection(ProjectDependencies) = postProject
		{9C7CEE89-05D1-4131-BB11-466721F4632D} = {9C7CEE89-05D1-4131-BB11-466721F4632D}
		{3E2125EA-78A5-4D22-894B-8B3C824B23FD} = {3E2125EA-78A5-4D22-894B-8B3C824B23FD}
	EndProjectSection
EndProject
Global
	GlobalSection(SolutionConfigurationPlatforms) = preSolution
		Debug|ARM = Debug|ARM
		Debug|x64 = Debug|x64
		Debug|x86 = Debug|x86
		Release|ARM = Release|ARM
		Release|x64 = Release|x64
		Release|x86 = Release|x86
	EndGlobalSection
	GlobalSection(ProjectConfigurationPlatforms) = postSolution
		{3E2125EA-78A5-4D22-894B-8B3C824B23FD}.Debug|ARM.ActiveCfg = Debug|ARM
		{3E2125EA-78A5-4D22-894B-8B3C824B23FD}.Debug|ARM.Build.0 = Debug|ARM
		{3E2125EA-78A5-4D22-894B-8B3C824B23FD}.Debug|x64.ActiveCfg = Debug|x64
		{3E2125EA-78A5-4D22-894B-8B3C824B23FD}.Debug|x64.Build.0 = Debug|x64
		{3E2125EA-78A5-4D22-894B-8B3C824B23FD}.Debug|x86.ActiveCfg = Debug|Win32
		{3E2125EA-78A5-4D22-894B-8B3C824B23FD}.Debug|x86.Build.0 = Debug|Win32
		{3E2125EA-78A5-4D22-894B-8B3C824B23FD}.Release|ARM.ActiveCfg = Release|ARM
		{3E2125EA-78A5-4D22-894B-8B3C824B23FD}.Release|ARM.Build.0 = Release|ARM
		{3E2125EA-78A5-4D22-894B-8B3C824B23FD}.Release|x64.ActiveCfg = Release|x64
		{3E2125EA-78A5-4D22-894B-8B3C824B23FD}.Release|x64.Build.0 = Release|x64
		{3E2125EA-78A5-4D22-894B-8B3C824B23FD}.Release|x86.ActiveCfg = Release|Win32
		{3E2125EA-78A5-4D22-894B-8B3C824B23FD}.Release|x86.Build.0 = Release|Win32
		{9C7CEE89-05D1-4131-BB11-466721F4632D}.Debug|ARM.ActiveCfg = Debug|ARM
		{9C7CEE89-05D1-4131-BB11-466721F4632D}.Debug|ARM.Build.0 = Debug|ARM
		{9C7CEE89-05D1-4131-BB11-466721F4632D}.Debug|x64.ActiveCfg = Debug|x64
		{9C7CEE89-05D1-4131-BB11-466721F4632D}.Debug|x64.Build.0 = Debug|x64
		{9C7CEE89-05D1-4131-BB11-466721F4632D}.Debug|x86.ActiveCfg = Debug|Win32
		{9C7CEE89-05D1-4131-BB11-466721F4632D}.Debug|x86.Build.0 = Debug|Win32
		{9C7CEE89-05D1-4131-BB11-466721F4632D}.Release|ARM.ActiveCfg = Release|ARM
		{9C7CEE89-05D1-4131-BB11-466721F4632D}.Release|ARM.Build.0 = Release|ARM
		{9C7CEE89-05D1-4131-BB11-466721F4632D}.Release|x64.ActiveCfg = Release|x64
		{9C7CEE89-05D1-4131-BB11-466721F4632D}.Release|x64.Build.0 = Release|x64
		{9C7CEE89-05D1-4131-BB11-466721F4632D}.Release|x86.ActiveCfg = Release|Win32
		{9C7CEE89-05D1-4131-BB11-466721F4632D}.Release|x86.Build.0 = Release|Win32
		{C9565AB8-3258-4351-9F08-448CEC25C137}.Debug|ARM.ActiveCfg = Debug|ARM
		{C9565AB8-3258-4351-9F08-448CEC25C137}.Debug|ARM.Build.0 = Debug|ARM
		{C9565AB8-3258-4351-9F08-448CEC25C137}.Debug|ARM.Deploy.0 = Debug|ARM
		{C9565AB8-3258-4351-9F08-448CEC25C137}.Debug|x64.ActiveCfg = Debug|x64
		{C9565AB8-3258-4351-9F08-448CEC25C137}.Debug|x64.Build.0 = Debug|x64
		{C9565AB8-3258-4351-9F08-448CEC25C137}.Debug|x64.Deploy.0 = Debug|x64
		{C9565AB8-3258-4351-9F08-448CEC25C137}.Debug|x86.ActiveCfg = Debug|Win32
		{C9565AB8-3258-4351-9F08-448CEC25C137}.Debug|x86.Build.0 = Debug|Win32
		{C9565AB8-3258-4351-9F08-448CEC25C137}.Debug|x86.Deploy.0 = Debug|Win32
		{C9565AB8-3258-4351-9F08-448CEC25C137}.Release|ARM.ActiveCfg = Release|ARM
		{C9565AB8-3258-4351-9F08-448CEC25C137}.Release|ARM.Build.0 = Release|ARM
		{C9565AB8-3258-4351-9F08-448CEC25C137}.Release|ARM.Deploy.0 = Release|ARM
		{C9565AB8-3258-4351-9F08-448CEC25C137}.Release|x64.ActiveCfg = Release|x64
		{C9565AB8-3258-4351-9F08-448CEC25C137}.Release|x64.Build.0 = Release|x64
		{C9565AB8-3258-4351-9F08-448CEC25C137}.Release|x64.Deploy.0 = Release|x64
		{C9565AB8-3258-4351-9F08-448CEC25C137}.Release|x86.ActiveCfg = Release|Win32
		{C9565AB8-3258-4351-9F08-448CEC25C137}.Release|x86.Build.0 = Release|Win32
		{C9565AB8-3258-4351-9F08-448CEC25C137}.Release|x86.Deploy.0 = Release|Win32
		{46F4FFC7-E478-42F1-886A-0A4934DF5DCF}.Debug|ARM.ActiveCfg = Debug|ARM
		{46F4FFC7-E478-42F1-886A-0A4934DF5DCF}.Debug|ARM.Build.0 = Debug|ARM
		{46F4FFC7-E478-42F1-886A-0A4934DF5DCF}.Debug|x64.ActiveCfg = Debug|x64
		{46F4FFC7-E478-42F1-886A-0A4934DF5DCF}.Debug|x64.Build.0 = Debug|x64
		{46F4FFC7-E478-42F1-886A-0A4934DF5DCF}.Debug|x86.ActiveCfg = Debug|Win32
		{46F4FFC7-E478-42F1-886A-0A4934DF5DCF}.Debug|x86.Build.0 = Debug|Win32
		{46F4FFC7-E478-42F1-886A-0A4934DF5DCF}.Release|ARM.ActiveCfg = Release|ARM
		{46F4FFC7-E478-42F1-886A-0A4934DF5DCF}.Release|ARM.Build.0 = Release|ARM
		{46F4FFC7-E478-42F1-886A-0A4934DF5DCF}.Release|x64.ActiveCfg = Release|x64
		{46F4FFC7-E478-42F1-886A-0A4934DF5DCF}.Release|x64.Build.0 = Release|x64
		{46F4FFC7-E478-42F1-886A-0A4934DF5DCF}.Release|x86.ActiveCfg = Release|Win32
		{46F4FFC7-E478-42F1-886A-0A4934DF5DCF}.Release|x86.Build.0 = Release|Win32
		{1488EFAF-BB44-46CF-98E3-588D51225DD2}.Debug|ARM.ActiveCfg = Debug|ARM
		{1488EFAF-BB44-46CF-98E3-588D51225DD2}.Debug|ARM.Build.0 = Debug|ARM
		{1488EFAF-BB44-46CF-98E3-588D51225DD2}.Debug|ARM.Deploy.0 = Debug|ARM
		{1488EFAF-BB44-46CF-98E3-588D51225DD2}.Debug|x64.ActiveCfg = Debug|x64
		{1488EFAF-BB44-46CF-98E3-588D51225DD2}.Debug|x64.Build.0 = Debug|x64
		{1488EFAF-BB44-46CF-98E3-588D51225DD2}.Debug|x64.Deploy.0 = Debug|x64
		{1488EFAF-BB44-46CF-98E3-588D51225DD2}.Debug|x86.ActiveCfg = Debug|Win32
		{1488EFAF-BB44-46CF-98E3-588D51225DD2}.Debug|x86.Build.0 = Debug|Win32
		{1488EFAF-BB44-46CF-98E3-588D51225DD2}.Debug|x86.Deploy.0 = Debug|Win32
		{1488EFAF-BB44-46CF-98E3-588D51225DD2}.Release|ARM.ActiveCfg = Release|ARM
		{1488EFAF-BB44-46CF-98E3-588D51225DD2}.Release|ARM.Build.0 = Release|ARM
		{1488EFAF-BB44-46CF-98E3-588D51225DD2}.Release|ARM.Deploy.0 = Release|ARM
		{1488EFAF-BB44-46CF-98E3-588D51225DD2}.Release|x64.ActiveCfg = Release|x64
		{1488EFAF-BB44-46CF-98E3-588D51225DD2}.Release|x64.Build.0 = Release|x64
		{1488EFAF-BB44-46CF-98E3-588D51225DD2}.Release|x64.Deploy.0 = Release|x64
		{1488EFAF-BB44-46CF-98E3-588D51225DD2}.Release|x86.ActiveCfg = Release|Win32
		{1488EFAF-BB44-46CF-98E3-588D51225DD2}.Release|x86.Build.0 = Release|Win32
		{1488EFAF-BB44-46CF-98E3-588D51225DD2}.Release|x86.Deploy.0 = Release|Win32
	EndGlobalSection
	GlobalSection(SolutionProperties) = preSolution
		HideSolutionNode = FALSE
	EndGlobalSection
EndGlobal
