
Microsoft Visual Studio Solution File, Format Version 12.00
# Visual Studio 14
VisualStudioVersion = 14.0.24720.0
MinimumVisualStudioVersion = 10.0.40219.1
Project("{8BC9CEB8-8B4A-11D0-8D11-00A0C91BC942}") = "LibTDE", "LibTDE\LibTDE.vcxproj", "{3E2125EA-78A5-4D22-894B-8B3C824B23FD}"
	ProjectSection(ProjectDependencies) = postProject
		{9C7CEE89-05D1-4131-BB11-466721F4632D} = {9C7CEE89-05D1-4131-BB11-466721F4632D}
	EndProjectSection
EndProject
Project("{8BC9CEB8-8B4A-11D0-8D11-00A0C91BC942}") = "LibFFT", "LibFFT\LibFFT.vcxproj", "{9C7CEE89-05D1-4131-BB11-466721F4632D}"
EndProject
Project("{8BC9CEB8-8B4A-11D0-8D11-00A0C91BC942}") = "Analysis", "Analysis\Analysis.vcxproj", "{C9565AB8-3258-4351-9F08-448CEC25C137}"
	ProjectSection(ProjectDependencies) = postProject
		{9C7CEE89-05D1-4131-BB11-466721F4632D} = {9C7CEE89-05D1-4131-BB11-466721F4632D}
		{46F4FFC7-E478-42F1-886A-0A4934DF5DCF} = {46F4FFC7-E478-42F1-886A-0A4934DF5DCF}
		{3E2125EA-78A5-4D22-894B-8B3C824B23FD} = {3E2125EA-78A5-4D22-894B-8B3C824B23FD}
	EndProjectSection
EndProject
Project("{8BC9CEB8-8B4A-11D0-8D11-00A0C91BC942}") = "DataParser", "DataParser\DataParser.vcxproj", "{46F4FFC7-E478-42F1-886A-0A4934DF5DCF}"
	ProjectSection(ProjectDependencies) = postProject
		{9C7CEE89-05D1-4131-BB11-466721F4632D} = {9C7CEE89-05D1-4131-BB11-466721F4632D}
		{3E2125EA-78A5-4D22-894B-8B3C824B23FD} = {3E2125EA-78A5-4D22-894B-8B3C824B23FD}
	EndProjectSection
EndProject
Project("{FAE04EC0-301F-11D3-BF4B-00C04F79EFBC}") = "LibRPi", "LibRPi\LibRPi.csproj", "{E11DE85B-F1B9-4140-BD9A-B0DE9A97603B}"
EndProject
Project("{8BC9CEB8-8B4A-11D0-8D11-00A0C91BC942}") = "LibAudio", "LibAudio\LibAudio.vcxproj", "{6D016B27-6145-474B-B8F1-55741CA0EEE7}"
	ProjectSection(ProjectDependencies) = postProject
		{9C7CEE89-05D1-4131-BB11-466721F4632D} = {9C7CEE89-05D1-4131-BB11-466721F4632D}
	EndProjectSection
EndProject
Project("{FAE04EC0-301F-11D3-BF4B-00C04F79EFBC}") = "IoTHub", "IoTHub\IoTHub.csproj", "{3ACA50B5-FA07-4AC4-B702-3D5446E77212}"
EndProject
Project("{FAE04EC0-301F-11D3-BF4B-00C04F79EFBC}") = "LibIoTHub", "LibIoTHub\LibIoTHub.csproj", "{25DFA02B-1EB7-43AB-AD27-F922BA52407D}"
EndProject
Project("{FAE04EC0-301F-11D3-BF4B-00C04F79EFBC}") = "SDE", "SDE\SDE.csproj", "{CC46CFC2-C82C-4369-9400-34ECD8ABC01E}"
EndProject
Project("{FAE04EC0-301F-11D3-BF4B-00C04F79EFBC}") = "LibAccess", "LibAccess\LibAccess.csproj", "{FC59E403-B886-4322-89CA-0CB709A06931}"
EndProject
Global
	GlobalSection(SolutionConfigurationPlatforms) = preSolution
		Debug|Any CPU = Debug|Any CPU
		Debug|ARM = Debug|ARM
		Debug|x64 = Debug|x64
		Debug|x86 = Debug|x86
		Release|Any CPU = Release|Any CPU
		Release|ARM = Release|ARM
		Release|x64 = Release|x64
		Release|x86 = Release|x86
	EndGlobalSection
	GlobalSection(ProjectConfigurationPlatforms) = postSolution
		{3E2125EA-78A5-4D22-894B-8B3C824B23FD}.Debug|Any CPU.ActiveCfg = Debug|Win32
		{3E2125EA-78A5-4D22-894B-8B3C824B23FD}.Debug|ARM.ActiveCfg = Debug|ARM
		{3E2125EA-78A5-4D22-894B-8B3C824B23FD}.Debug|ARM.Build.0 = Debug|ARM
		{3E2125EA-78A5-4D22-894B-8B3C824B23FD}.Debug|x64.ActiveCfg = Debug|x64
		{3E2125EA-78A5-4D22-894B-8B3C824B23FD}.Debug|x64.Build.0 = Debug|x64
		{3E2125EA-78A5-4D22-894B-8B3C824B23FD}.Debug|x86.ActiveCfg = Debug|Win32
		{3E2125EA-78A5-4D22-894B-8B3C824B23FD}.Debug|x86.Build.0 = Debug|Win32
		{3E2125EA-78A5-4D22-894B-8B3C824B23FD}.Release|Any CPU.ActiveCfg = Release|Win32
		{3E2125EA-78A5-4D22-894B-8B3C824B23FD}.Release|ARM.ActiveCfg = Release|ARM
		{3E2125EA-78A5-4D22-894B-8B3C824B23FD}.Release|ARM.Build.0 = Release|ARM
		{3E2125EA-78A5-4D22-894B-8B3C824B23FD}.Release|x64.ActiveCfg = Release|x64
		{3E2125EA-78A5-4D22-894B-8B3C824B23FD}.Release|x64.Build.0 = Release|x64
		{3E2125EA-78A5-4D22-894B-8B3C824B23FD}.Release|x86.ActiveCfg = Release|Win32
		{3E2125EA-78A5-4D22-894B-8B3C824B23FD}.Release|x86.Build.0 = Release|Win32
		{9C7CEE89-05D1-4131-BB11-466721F4632D}.Debug|Any CPU.ActiveCfg = Debug|Win32
		{9C7CEE89-05D1-4131-BB11-466721F4632D}.Debug|ARM.ActiveCfg = Debug|ARM
		{9C7CEE89-05D1-4131-BB11-466721F4632D}.Debug|ARM.Build.0 = Debug|ARM
		{9C7CEE89-05D1-4131-BB11-466721F4632D}.Debug|x64.ActiveCfg = Debug|x64
		{9C7CEE89-05D1-4131-BB11-466721F4632D}.Debug|x64.Build.0 = Debug|x64
		{9C7CEE89-05D1-4131-BB11-466721F4632D}.Debug|x86.ActiveCfg = Debug|Win32
		{9C7CEE89-05D1-4131-BB11-466721F4632D}.Debug|x86.Build.0 = Debug|Win32
		{9C7CEE89-05D1-4131-BB11-466721F4632D}.Release|Any CPU.ActiveCfg = Release|Win32
		{9C7CEE89-05D1-4131-BB11-466721F4632D}.Release|ARM.ActiveCfg = Release|ARM
		{9C7CEE89-05D1-4131-BB11-466721F4632D}.Release|ARM.Build.0 = Release|ARM
		{9C7CEE89-05D1-4131-BB11-466721F4632D}.Release|x64.ActiveCfg = Release|x64
		{9C7CEE89-05D1-4131-BB11-466721F4632D}.Release|x64.Build.0 = Release|x64
		{9C7CEE89-05D1-4131-BB11-466721F4632D}.Release|x86.ActiveCfg = Release|Win32
		{9C7CEE89-05D1-4131-BB11-466721F4632D}.Release|x86.Build.0 = Release|Win32
		{C9565AB8-3258-4351-9F08-448CEC25C137}.Debug|Any CPU.ActiveCfg = Debug|Win32
		{C9565AB8-3258-4351-9F08-448CEC25C137}.Debug|ARM.ActiveCfg = Debug|ARM
		{C9565AB8-3258-4351-9F08-448CEC25C137}.Debug|ARM.Build.0 = Debug|ARM
		{C9565AB8-3258-4351-9F08-448CEC25C137}.Debug|ARM.Deploy.0 = Debug|ARM
		{C9565AB8-3258-4351-9F08-448CEC25C137}.Debug|x64.ActiveCfg = Debug|x64
		{C9565AB8-3258-4351-9F08-448CEC25C137}.Debug|x64.Build.0 = Debug|x64
		{C9565AB8-3258-4351-9F08-448CEC25C137}.Debug|x64.Deploy.0 = Debug|x64
		{C9565AB8-3258-4351-9F08-448CEC25C137}.Debug|x86.ActiveCfg = Debug|Win32
		{C9565AB8-3258-4351-9F08-448CEC25C137}.Debug|x86.Build.0 = Debug|Win32
		{C9565AB8-3258-4351-9F08-448CEC25C137}.Debug|x86.Deploy.0 = Debug|Win32
		{C9565AB8-3258-4351-9F08-448CEC25C137}.Release|Any CPU.ActiveCfg = Release|Win32
		{C9565AB8-3258-4351-9F08-448CEC25C137}.Release|ARM.ActiveCfg = Release|ARM
		{C9565AB8-3258-4351-9F08-448CEC25C137}.Release|ARM.Build.0 = Release|ARM
		{C9565AB8-3258-4351-9F08-448CEC25C137}.Release|ARM.Deploy.0 = Release|ARM
		{C9565AB8-3258-4351-9F08-448CEC25C137}.Release|x64.ActiveCfg = Release|x64
		{C9565AB8-3258-4351-9F08-448CEC25C137}.Release|x64.Build.0 = Release|x64
		{C9565AB8-3258-4351-9F08-448CEC25C137}.Release|x64.Deploy.0 = Release|x64
		{C9565AB8-3258-4351-9F08-448CEC25C137}.Release|x86.ActiveCfg = Release|Win32
		{C9565AB8-3258-4351-9F08-448CEC25C137}.Release|x86.Build.0 = Release|Win32
		{C9565AB8-3258-4351-9F08-448CEC25C137}.Release|x86.Deploy.0 = Release|Win32
		{46F4FFC7-E478-42F1-886A-0A4934DF5DCF}.Debug|Any CPU.ActiveCfg = Debug|Win32
		{46F4FFC7-E478-42F1-886A-0A4934DF5DCF}.Debug|ARM.ActiveCfg = Debug|ARM
		{46F4FFC7-E478-42F1-886A-0A4934DF5DCF}.Debug|ARM.Build.0 = Debug|ARM
		{46F4FFC7-E478-42F1-886A-0A4934DF5DCF}.Debug|x64.ActiveCfg = Debug|x64
		{46F4FFC7-E478-42F1-886A-0A4934DF5DCF}.Debug|x64.Build.0 = Debug|x64
		{46F4FFC7-E478-42F1-886A-0A4934DF5DCF}.Debug|x86.ActiveCfg = Debug|Win32
		{46F4FFC7-E478-42F1-886A-0A4934DF5DCF}.Debug|x86.Build.0 = Debug|Win32
		{46F4FFC7-E478-42F1-886A-0A4934DF5DCF}.Release|Any CPU.ActiveCfg = Release|Win32
		{46F4FFC7-E478-42F1-886A-0A4934DF5DCF}.Release|ARM.ActiveCfg = Release|ARM
		{46F4FFC7-E478-42F1-886A-0A4934DF5DCF}.Release|ARM.Build.0 = Release|ARM
		{46F4FFC7-E478-42F1-886A-0A4934DF5DCF}.Release|x64.ActiveCfg = Release|x64
		{46F4FFC7-E478-42F1-886A-0A4934DF5DCF}.Release|x64.Build.0 = Release|x64
		{46F4FFC7-E478-42F1-886A-0A4934DF5DCF}.Release|x86.ActiveCfg = Release|Win32
		{46F4FFC7-E478-42F1-886A-0A4934DF5DCF}.Release|x86.Build.0 = Release|Win32
		{E11DE85B-F1B9-4140-BD9A-B0DE9A97603B}.Debug|Any CPU.ActiveCfg = Debug|Any CPU
		{E11DE85B-F1B9-4140-BD9A-B0DE9A97603B}.Debug|Any CPU.Build.0 = Debug|Any CPU
		{E11DE85B-F1B9-4140-BD9A-B0DE9A97603B}.Debug|ARM.ActiveCfg = Debug|ARM
		{E11DE85B-F1B9-4140-BD9A-B0DE9A97603B}.Debug|ARM.Build.0 = Debug|ARM
		{E11DE85B-F1B9-4140-BD9A-B0DE9A97603B}.Debug|x64.ActiveCfg = Debug|x64
		{E11DE85B-F1B9-4140-BD9A-B0DE9A97603B}.Debug|x64.Build.0 = Debug|x64
		{E11DE85B-F1B9-4140-BD9A-B0DE9A97603B}.Debug|x86.ActiveCfg = Debug|x86
		{E11DE85B-F1B9-4140-BD9A-B0DE9A97603B}.Debug|x86.Build.0 = Debug|x86
		{E11DE85B-F1B9-4140-BD9A-B0DE9A97603B}.Release|Any CPU.ActiveCfg = Release|Any CPU
		{E11DE85B-F1B9-4140-BD9A-B0DE9A97603B}.Release|Any CPU.Build.0 = Release|Any CPU
		{E11DE85B-F1B9-4140-BD9A-B0DE9A97603B}.Release|ARM.ActiveCfg = Release|ARM
		{E11DE85B-F1B9-4140-BD9A-B0DE9A97603B}.Release|ARM.Build.0 = Release|ARM
		{E11DE85B-F1B9-4140-BD9A-B0DE9A97603B}.Release|x64.ActiveCfg = Release|x64
		{E11DE85B-F1B9-4140-BD9A-B0DE9A97603B}.Release|x64.Build.0 = Release|x64
		{E11DE85B-F1B9-4140-BD9A-B0DE9A97603B}.Release|x86.ActiveCfg = Release|x86
		{E11DE85B-F1B9-4140-BD9A-B0DE9A97603B}.Release|x86.Build.0 = Release|x86
		{6D016B27-6145-474B-B8F1-55741CA0EEE7}.Debug|Any CPU.ActiveCfg = Debug|Win32
		{6D016B27-6145-474B-B8F1-55741CA0EEE7}.Debug|ARM.ActiveCfg = Debug|ARM
		{6D016B27-6145-474B-B8F1-55741CA0EEE7}.Debug|ARM.Build.0 = Debug|ARM
		{6D016B27-6145-474B-B8F1-55741CA0EEE7}.Debug|x64.ActiveCfg = Debug|x64
		{6D016B27-6145-474B-B8F1-55741CA0EEE7}.Debug|x64.Build.0 = Debug|x64
		{6D016B27-6145-474B-B8F1-55741CA0EEE7}.Debug|x86.ActiveCfg = Debug|Win32
		{6D016B27-6145-474B-B8F1-55741CA0EEE7}.Debug|x86.Build.0 = Debug|Win32
		{6D016B27-6145-474B-B8F1-55741CA0EEE7}.Release|Any CPU.ActiveCfg = Release|Win32
		{6D016B27-6145-474B-B8F1-55741CA0EEE7}.Release|ARM.ActiveCfg = Release|ARM
		{6D016B27-6145-474B-B8F1-55741CA0EEE7}.Release|ARM.Build.0 = Release|ARM
		{6D016B27-6145-474B-B8F1-55741CA0EEE7}.Release|x64.ActiveCfg = Release|x64
		{6D016B27-6145-474B-B8F1-55741CA0EEE7}.Release|x64.Build.0 = Release|x64
		{6D016B27-6145-474B-B8F1-55741CA0EEE7}.Release|x86.ActiveCfg = Release|Win32
		{6D016B27-6145-474B-B8F1-55741CA0EEE7}.Release|x86.Build.0 = Release|Win32
		{3ACA50B5-FA07-4AC4-B702-3D5446E77212}.Debug|Any CPU.ActiveCfg = Debug|Any CPU
		{3ACA50B5-FA07-4AC4-B702-3D5446E77212}.Debug|Any CPU.Build.0 = Debug|Any CPU
		{3ACA50B5-FA07-4AC4-B702-3D5446E77212}.Debug|ARM.ActiveCfg = Debug|Any CPU
		{3ACA50B5-FA07-4AC4-B702-3D5446E77212}.Debug|ARM.Build.0 = Debug|Any CPU
		{3ACA50B5-FA07-4AC4-B702-3D5446E77212}.Debug|x64.ActiveCfg = Debug|Any CPU
		{3ACA50B5-FA07-4AC4-B702-3D5446E77212}.Debug|x64.Build.0 = Debug|Any CPU
		{3ACA50B5-FA07-4AC4-B702-3D5446E77212}.Debug|x86.ActiveCfg = Debug|Any CPU
		{3ACA50B5-FA07-4AC4-B702-3D5446E77212}.Debug|x86.Build.0 = Debug|Any CPU
		{3ACA50B5-FA07-4AC4-B702-3D5446E77212}.Release|Any CPU.ActiveCfg = Release|Any CPU
		{3ACA50B5-FA07-4AC4-B702-3D5446E77212}.Release|Any CPU.Build.0 = Release|Any CPU
		{3ACA50B5-FA07-4AC4-B702-3D5446E77212}.Release|ARM.ActiveCfg = Release|Any CPU
		{3ACA50B5-FA07-4AC4-B702-3D5446E77212}.Release|ARM.Build.0 = Release|Any CPU
		{3ACA50B5-FA07-4AC4-B702-3D5446E77212}.Release|x64.ActiveCfg = Release|Any CPU
		{3ACA50B5-FA07-4AC4-B702-3D5446E77212}.Release|x64.Build.0 = Release|Any CPU
		{3ACA50B5-FA07-4AC4-B702-3D5446E77212}.Release|x86.ActiveCfg = Release|Any CPU
		{3ACA50B5-FA07-4AC4-B702-3D5446E77212}.Release|x86.Build.0 = Release|Any CPU
		{25DFA02B-1EB7-43AB-AD27-F922BA52407D}.Debug|Any CPU.ActiveCfg = Debug|Any CPU
		{25DFA02B-1EB7-43AB-AD27-F922BA52407D}.Debug|Any CPU.Build.0 = Debug|Any CPU
		{25DFA02B-1EB7-43AB-AD27-F922BA52407D}.Debug|ARM.ActiveCfg = Debug|ARM
		{25DFA02B-1EB7-43AB-AD27-F922BA52407D}.Debug|ARM.Build.0 = Debug|ARM
		{25DFA02B-1EB7-43AB-AD27-F922BA52407D}.Debug|x64.ActiveCfg = Debug|x64
		{25DFA02B-1EB7-43AB-AD27-F922BA52407D}.Debug|x64.Build.0 = Debug|x64
		{25DFA02B-1EB7-43AB-AD27-F922BA52407D}.Debug|x86.ActiveCfg = Debug|x86
		{25DFA02B-1EB7-43AB-AD27-F922BA52407D}.Debug|x86.Build.0 = Debug|x86
		{25DFA02B-1EB7-43AB-AD27-F922BA52407D}.Release|Any CPU.ActiveCfg = Release|Any CPU
		{25DFA02B-1EB7-43AB-AD27-F922BA52407D}.Release|Any CPU.Build.0 = Release|Any CPU
		{25DFA02B-1EB7-43AB-AD27-F922BA52407D}.Release|ARM.ActiveCfg = Release|ARM
		{25DFA02B-1EB7-43AB-AD27-F922BA52407D}.Release|ARM.Build.0 = Release|ARM
		{25DFA02B-1EB7-43AB-AD27-F922BA52407D}.Release|x64.ActiveCfg = Release|x64
		{25DFA02B-1EB7-43AB-AD27-F922BA52407D}.Release|x64.Build.0 = Release|x64
		{25DFA02B-1EB7-43AB-AD27-F922BA52407D}.Release|x86.ActiveCfg = Release|x86
		{25DFA02B-1EB7-43AB-AD27-F922BA52407D}.Release|x86.Build.0 = Release|x86
		{CC46CFC2-C82C-4369-9400-34ECD8ABC01E}.Debug|Any CPU.ActiveCfg = Debug|x86
		{CC46CFC2-C82C-4369-9400-34ECD8ABC01E}.Debug|ARM.ActiveCfg = Debug|ARM
		{CC46CFC2-C82C-4369-9400-34ECD8ABC01E}.Debug|ARM.Build.0 = Debug|ARM
		{CC46CFC2-C82C-4369-9400-34ECD8ABC01E}.Debug|ARM.Deploy.0 = Debug|ARM
		{CC46CFC2-C82C-4369-9400-34ECD8ABC01E}.Debug|x64.ActiveCfg = Debug|x64
		{CC46CFC2-C82C-4369-9400-34ECD8ABC01E}.Debug|x64.Build.0 = Debug|x64
		{CC46CFC2-C82C-4369-9400-34ECD8ABC01E}.Debug|x64.Deploy.0 = Debug|x64
		{CC46CFC2-C82C-4369-9400-34ECD8ABC01E}.Debug|x86.ActiveCfg = Debug|x86
		{CC46CFC2-C82C-4369-9400-34ECD8ABC01E}.Debug|x86.Build.0 = Debug|x86
		{CC46CFC2-C82C-4369-9400-34ECD8ABC01E}.Debug|x86.Deploy.0 = Debug|x86
		{CC46CFC2-C82C-4369-9400-34ECD8ABC01E}.Release|Any CPU.ActiveCfg = Release|x86
		{CC46CFC2-C82C-4369-9400-34ECD8ABC01E}.Release|ARM.ActiveCfg = Release|ARM
		{CC46CFC2-C82C-4369-9400-34ECD8ABC01E}.Release|ARM.Build.0 = Release|ARM
		{CC46CFC2-C82C-4369-9400-34ECD8ABC01E}.Release|ARM.Deploy.0 = Release|ARM
		{CC46CFC2-C82C-4369-9400-34ECD8ABC01E}.Release|x64.ActiveCfg = Release|x64
		{CC46CFC2-C82C-4369-9400-34ECD8ABC01E}.Release|x64.Build.0 = Release|x64
		{CC46CFC2-C82C-4369-9400-34ECD8ABC01E}.Release|x64.Deploy.0 = Release|x64
		{CC46CFC2-C82C-4369-9400-34ECD8ABC01E}.Release|x86.ActiveCfg = Release|x86
		{CC46CFC2-C82C-4369-9400-34ECD8ABC01E}.Release|x86.Build.0 = Release|x86
		{CC46CFC2-C82C-4369-9400-34ECD8ABC01E}.Release|x86.Deploy.0 = Release|x86
		{FC59E403-B886-4322-89CA-0CB709A06931}.Debug|Any CPU.ActiveCfg = Debug|Any CPU
		{FC59E403-B886-4322-89CA-0CB709A06931}.Debug|Any CPU.Build.0 = Debug|Any CPU
		{FC59E403-B886-4322-89CA-0CB709A06931}.Debug|ARM.ActiveCfg = Debug|ARM
		{FC59E403-B886-4322-89CA-0CB709A06931}.Debug|ARM.Build.0 = Debug|ARM
		{FC59E403-B886-4322-89CA-0CB709A06931}.Debug|x64.ActiveCfg = Debug|x64
		{FC59E403-B886-4322-89CA-0CB709A06931}.Debug|x64.Build.0 = Debug|x64
		{FC59E403-B886-4322-89CA-0CB709A06931}.Debug|x86.ActiveCfg = Debug|x86
		{FC59E403-B886-4322-89CA-0CB709A06931}.Debug|x86.Build.0 = Debug|x86
		{FC59E403-B886-4322-89CA-0CB709A06931}.Release|Any CPU.ActiveCfg = Release|Any CPU
		{FC59E403-B886-4322-89CA-0CB709A06931}.Release|Any CPU.Build.0 = Release|Any CPU
		{FC59E403-B886-4322-89CA-0CB709A06931}.Release|ARM.ActiveCfg = Release|ARM
		{FC59E403-B886-4322-89CA-0CB709A06931}.Release|ARM.Build.0 = Release|ARM
		{FC59E403-B886-4322-89CA-0CB709A06931}.Release|x64.ActiveCfg = Release|x64
		{FC59E403-B886-4322-89CA-0CB709A06931}.Release|x64.Build.0 = Release|x64
		{FC59E403-B886-4322-89CA-0CB709A06931}.Release|x86.ActiveCfg = Release|x86
		{FC59E403-B886-4322-89CA-0CB709A06931}.Release|x86.Build.0 = Release|x86
	EndGlobalSection
	GlobalSection(SolutionProperties) = preSolution
		HideSolutionNode = FALSE
	EndGlobalSection
EndGlobal
